
Microsoft Visual Studio Solution File, Format Version 12.00
# Visual Studio Version 17
VisualStudioVersion = 17.14.36221.1 d17.14
MinimumVisualStudioVersion = 10.0.40219.1
Project("{FAE04EC0-301F-11D3-BF4B-00C04F79EFBC}") = "JobFinder.API", "JobFinder.API.csproj", "{23C054EE-097C-4269-A2B4-DC873ADC93EF}"
EndProject
Global
	GlobalSection(SolutionConfigurationPlatforms) = preSolution
		Debug|Any CPU = Debug|Any CPU
		Release|Any CPU = Release|Any CPU
	EndGlobalSection
	GlobalSection(ProjectConfigurationPlatforms) = postSolution
		{23C054EE-097C-4269-A2B4-DC873ADC93EF}.Debug|Any CPU.ActiveCfg = Debug|Any CPU
		{23C054EE-097C-4269-A2B4-DC873ADC93EF}.Debug|Any CPU.Build.0 = Debug|Any CPU
		{23C054EE-097C-4269-A2B4-DC873ADC93EF}.Release|Any CPU.ActiveCfg = Release|Any CPU
		{23C054EE-097C-4269-A2B4-DC873ADC93EF}.Release|Any CPU.Build.0 = Release|Any CPU
	EndGlobalSection
	GlobalSection(SolutionProperties) = preSolution
		HideSolutionNode = FALSE
	EndGlobalSection
	GlobalSection(ExtensibilityGlobals) = postSolution
		SolutionGuid = {3117EE71-0AA5-4962-A29A-89753FEEC05C}
	EndGlobalSection
EndGlobal
